{
  "originHash" : "6b3c438391b0d0b133cf8da75e91780e6a560189eacb6979981232352257ab6f",
  "pins" : [
    {
      "identity" : "mediaremote-adapter",
      "kind" : "remoteSourceControl",
      "location" : "https://github.com/ejbills/mediaremote-adapter.git",
      "state" : {
        "branch" : "master",
        "revision" : "5b6afde3f501a3da567e23bf7f23d562938a1809"
      }
    }
  ],
  "version" : 3
}
